// !$*UTF8*$!
{
	archiveVersion = 1;
	classes = {
	};
	objectVersion = 56;
	objects = {

/* Begin PBXBuildFile section */
		C35500C82C3C9C5600222640 /* AudioGraphExample.swift in Sources */ = {isa = PBXBuildFile; fileRef = C35500C72C3C9C5600222640 /* AudioGraphExample.swift */; };
		C36F02AD2C3C3DE00041C96A /* CoreAudioWorkoutApp.swift in Sources */ = {isa = PBXBuildFile; fileRef = C36F02AC2C3C3DE00041C96A /* CoreAudioWorkoutApp.swift */; };
		C36F02AF2C3C3DE00041C96A /* ContentView.swift in Sources */ = {isa = PBXBuildFile; fileRef = C36F02AE2C3C3DE00041C96A /* ContentView.swift */; };
		C36F02B12C3C3DE30041C96A /* Assets.xcassets in Resources */ = {isa = PBXBuildFile; fileRef = C36F02B02C3C3DE30041C96A /* Assets.xcassets */; };
		C36F02B42C3C3DE30041C96A /* Preview Assets.xcassets in Resources */ = {isa = PBXBuildFile; fileRef = C36F02B32C3C3DE30041C96A /* Preview Assets.xcassets */; };
		C36F02BB2C3C3E390041C96A /* AudioSessionManager.swift in Sources */ = {isa = PBXBuildFile; fileRef = C36F02BA2C3C3E390041C96A /* AudioSessionManager.swift */; };
		C36F02BF2C3C5DC40041C96A /* AudioFileServiceExample.swift in Sources */ = {isa = PBXBuildFile; fileRef = C36F02BE2C3C5DC40041C96A /* AudioFileServiceExample.swift */; };
		C36F02C92C3C71FF0041C96A /* AudioFiles in Resources */ = {isa = PBXBuildFile; fileRef = C36F02C82C3C71FF0041C96A /* AudioFiles */; };
		C37D43752C3CAF9100258520 /* Consts.swift in Sources */ = {isa = PBXBuildFile; fileRef = C37D43742C3CAF9100258520 /* Consts.swift */; };
		C3F9AEB52C3CA57800A1E9C1 /* AudioGraphView.swift in Sources */ = {isa = PBXBuildFile; fileRef = C3F9AEB42C3CA57800A1E9C1 /* AudioGraphView.swift */; };
		C3F9AEB72C3CA59C00A1E9C1 /* AudioFileServiceView.swift in Sources */ = {isa = PBXBuildFile; fileRef = C3F9AEB62C3CA59C00A1E9C1 /* AudioFileServiceView.swift */; };
		C3F9AEB92C3CACEC00A1E9C1 /* AudioQueueRecorder.swift in Sources */ = {isa = PBXBuildFile; fileRef = C3F9AEB82C3CACEC00A1E9C1 /* AudioQueueRecorder.swift */; };
		C3F9AEBB2C3CAD7000A1E9C1 /* AudioQueueView.swift in Sources */ = {isa = PBXBuildFile; fileRef = C3F9AEBA2C3CAD7000A1E9C1 /* AudioQueueView.swift */; };
/* End PBXBuildFile section */

/* Begin PBXFileReference section */
		C35500C72C3C9C5600222640 /* AudioGraphExample.swift */ = {isa = PBXFileReference; lastKnownFileType = sourcecode.swift; path = AudioGraphExample.swift; sourceTree = "<group>"; };
		C36F02A92C3C3DE00041C96A /* CoreAudioWorkout.app */ = {isa = PBXFileReference; explicitFileType = wrapper.application; includeInIndex = 0; path = CoreAudioWorkout.app; sourceTree = BUILT_PRODUCTS_DIR; };
		C36F02AC2C3C3DE00041C96A /* CoreAudioWorkoutApp.swift */ = {isa = PBXFileReference; lastKnownFileType = sourcecode.swift; path = CoreAudioWorkoutApp.swift; sourceTree = "<group>"; };
		C36F02AE2C3C3DE00041C96A /* ContentView.swift */ = {isa = PBXFileReference; lastKnownFileType = sourcecode.swift; path = ContentView.swift; sourceTree = "<group>"; };
		C36F02B02C3C3DE30041C96A /* Assets.xcassets */ = {isa = PBXFileReference; lastKnownFileType = folder.assetcatalog; path = Assets.xcassets; sourceTree = "<group>"; };
		C36F02B32C3C3DE30041C96A /* Preview Assets.xcassets */ = {isa = PBXFileReference; lastKnownFileType = folder.assetcatalog; path = "Preview Assets.xcassets"; sourceTree = "<group>"; };
		C36F02BA2C3C3E390041C96A /* AudioSessionManager.swift */ = {isa = PBXFileReference; lastKnownFileType = sourcecode.swift; path = AudioSessionManager.swift; sourceTree = "<group>"; };
		C36F02BE2C3C5DC40041C96A /* AudioFileServiceExample.swift */ = {isa = PBXFileReference; lastKnownFileType = sourcecode.swift; path = AudioFileServiceExample.swift; sourceTree = "<group>"; };
		C36F02C82C3C71FF0041C96A /* AudioFiles */ = {isa = PBXFileReference; lastKnownFileType = folder; path = AudioFiles; sourceTree = "<group>"; };
		C37D43742C3CAF9100258520 /* Consts.swift */ = {isa = PBXFileReference; lastKnownFileType = sourcecode.swift; path = Consts.swift; sourceTree = "<group>"; };
		C3F9AEB42C3CA57800A1E9C1 /* AudioGraphView.swift */ = {isa = PBXFileReference; lastKnownFileType = sourcecode.swift; path = AudioGraphView.swift; sourceTree = "<group>"; };
		C3F9AEB62C3CA59C00A1E9C1 /* AudioFileServiceView.swift */ = {isa = PBXFileReference; lastKnownFileType = sourcecode.swift; path = AudioFileServiceView.swift; sourceTree = "<group>"; };
		C3F9AEB82C3CACEC00A1E9C1 /* AudioQueueRecorder.swift */ = {isa = PBXFileReference; lastKnownFileType = sourcecode.swift; path = AudioQueueRecorder.swift; sourceTree = "<group>"; };
		C3F9AEBA2C3CAD7000A1E9C1 /* AudioQueueView.swift */ = {isa = PBXFileReference; lastKnownFileType = sourcecode.swift; path = AudioQueueView.swift; sourceTree = "<group>"; };
/* End PBXFileReference section */

/* Begin PBXFrameworksBuildPhase section */
		C36F02A62C3C3DE00041C96A /* Frameworks */ = {
			isa = PBXFrameworksBuildPhase;
			buildActionMask = 2147483647;
			files = (
			);
			runOnlyForDeploymentPostprocessing = 0;
		};
/* End PBXFrameworksBuildPhase section */

/* Begin PBXGroup section */
		C36F02A02C3C3DE00041C96A = {
			isa = PBXGroup;
			children = (
				C36F02AB2C3C3DE00041C96A /* CoreAudioWorkout */,
				C36F02AA2C3C3DE00041C96A /* Products */,
			);
			sourceTree = "<group>";
		};
		C36F02AA2C3C3DE00041C96A /* Products */ = {
			isa = PBXGroup;
			children = (
				C36F02A92C3C3DE00041C96A /* CoreAudioWorkout.app */,
			);
			name = Products;
			sourceTree = "<group>";
		};
		C36F02AB2C3C3DE00041C96A /* CoreAudioWorkout */ = {
			isa = PBXGroup;
			children = (
				C36F02B02C3C3DE30041C96A /* Assets.xcassets */,
				C36F02C82C3C71FF0041C96A /* AudioFiles */,
				C36F02AC2C3C3DE00041C96A /* CoreAudioWorkoutApp.swift */,
				C36F02C02C3C5DC80041C96A /* Examples */,
				C36F02BC2C3C3E400041C96A /* Managers */,
				C36F02B22C3C3DE30041C96A /* Preview Content */,
				C36F02BD2C3C3E4C0041C96A /* Views */,
				C37D43742C3CAF9100258520 /* Consts.swift */,
			);
			path = CoreAudioWorkout;
			sourceTree = "<group>";
		};
		C36F02B22C3C3DE30041C96A /* Preview Content */ = {
			isa = PBXGroup;
			children = (
				C36F02B32C3C3DE30041C96A /* Preview Assets.xcassets */,
			);
			path = "Preview Content";
			sourceTree = "<group>";
		};
		C36F02BC2C3C3E400041C96A /* Managers */ = {
			isa = PBXGroup;
			children = (
				C36F02BA2C3C3E390041C96A /* AudioSessionManager.swift */,
			);
			path = Managers;
			sourceTree = "<group>";
		};
		C36F02BD2C3C3E4C0041C96A /* Views */ = {
			isa = PBXGroup;
			children = (
				C3F9AEB62C3CA59C00A1E9C1 /* AudioFileServiceView.swift */,
				C3F9AEB42C3CA57800A1E9C1 /* AudioGraphView.swift */,
				C3F9AEBA2C3CAD7000A1E9C1 /* AudioQueueView.swift */,
				C36F02AE2C3C3DE00041C96A /* ContentView.swift */,
			);
			path = Views;
			sourceTree = "<group>";
		};
		C36F02C02C3C5DC80041C96A /* Examples */ = {
			isa = PBXGroup;
			children = (
				C36F02BE2C3C5DC40041C96A /* AudioFileServiceExample.swift */,
				C35500C72C3C9C5600222640 /* AudioGraphExample.swift */,
				C3F9AEB82C3CACEC00A1E9C1 /* AudioQueueRecorder.swift */,
			);
			path = Examples;
			sourceTree = "<group>";
		};
/* End PBXGroup section */

/* Begin PBXNativeTarget section */
		C36F02A82C3C3DE00041C96A /* CoreAudioWorkout */ = {
			isa = PBXNativeTarget;
			buildConfigurationList = C36F02B72C3C3DE30041C96A /* Build configuration list for PBXNativeTarget "CoreAudioWorkout" */;
			buildPhases = (
				C36F02A52C3C3DE00041C96A /* Sources */,
				C36F02A62C3C3DE00041C96A /* Frameworks */,
				C36F02A72C3C3DE00041C96A /* Resources */,
			);
			buildRules = (
			);
			dependencies = (
			);
			name = CoreAudioWorkout;
			productName = CoreAudioWorkout;
			productReference = C36F02A92C3C3DE00041C96A /* CoreAudioWorkout.app */;
			productType = "com.apple.product-type.application";
		};
/* End PBXNativeTarget section */

/* Begin PBXProject section */
		C36F02A12C3C3DE00041C96A /* Project object */ = {
			isa = PBXProject;
			attributes = {
				BuildIndependentTargetsInParallel = 1;
				LastSwiftUpdateCheck = 1530;
				LastUpgradeCheck = 1530;
				TargetAttributes = {
					C36F02A82C3C3DE00041C96A = {
						CreatedOnToolsVersion = 15.3;
					};
				};
			};
			buildConfigurationList = C36F02A42C3C3DE00041C96A /* Build configuration list for PBXProject "CoreAudioWorkout" */;
			compatibilityVersion = "Xcode 14.0";
			developmentRegion = en;
			hasScannedForEncodings = 0;
			knownRegions = (
				en,
				Base,
			);
			mainGroup = C36F02A02C3C3DE00041C96A;
			productRefGroup = C36F02AA2C3C3DE00041C96A /* Products */;
			projectDirPath = "";
			projectRoot = "";
			targets = (
				C36F02A82C3C3DE00041C96A /* CoreAudioWorkout */,
			);
		};
/* End PBXProject section */

/* Begin PBXResourcesBuildPhase section */
		C36F02A72C3C3DE00041C96A /* Resources */ = {
			isa = PBXResourcesBuildPhase;
			buildActionMask = 2147483647;
			files = (
				C36F02C92C3C71FF0041C96A /* AudioFiles in Resources */,
				C36F02B42C3C3DE30041C96A /* Preview Assets.xcassets in Resources */,
				C36F02B12C3C3DE30041C96A /* Assets.xcassets in Resources */,
			);
			runOnlyForDeploymentPostprocessing = 0;
		};
/* End PBXResourcesBuildPhase section */

/* Begin PBXSourcesBuildPhase section */
		C36F02A52C3C3DE00041C96A /* Sources */ = {
			isa = PBXSourcesBuildPhase;
			buildActionMask = 2147483647;
			files = (
				C3F9AEB72C3CA59C00A1E9C1 /* AudioFileServiceView.swift in Sources */,
				C37D43752C3CAF9100258520 /* Consts.swift in Sources */,
				C3F9AEBB2C3CAD7000A1E9C1 /* AudioQueueView.swift in Sources */,
				C36F02AF2C3C3DE00041C96A /* ContentView.swift in Sources */,
				C36F02BB2C3C3E390041C96A /* AudioSessionManager.swift in Sources */,
				C36F02AD2C3C3DE00041C96A /* CoreAudioWorkoutApp.swift in Sources */,
				C35500C82C3C9C5600222640 /* AudioGraphExample.swift in Sources */,
				C3F9AEB92C3CACEC00A1E9C1 /* AudioQueueRecorder.swift in Sources */,
				C3F9AEB52C3CA57800A1E9C1 /* AudioGraphView.swift in Sources */,
				C36F02BF2C3C5DC40041C96A /* AudioFileServiceExample.swift in Sources */,
			);
			runOnlyForDeploymentPostprocessing = 0;
		};
/* End PBXSourcesBuildPhase section */

/* Begin XCBuildConfiguration section */
		C36F02B52C3C3DE30041C96A /* Debug */ = {
			isa = XCBuildConfiguration;
			buildSettings = {
				ALWAYS_SEARCH_USER_PATHS = NO;
				ASSETCATALOG_COMPILER_GENERATE_SWIFT_ASSET_SYMBOL_EXTENSIONS = YES;
				CLANG_ANALYZER_NONNULL = YES;
				CLANG_ANALYZER_NUMBER_OBJECT_CONVERSION = YES_AGGRESSIVE;
				CLANG_CXX_LANGUAGE_STANDARD = "gnu++20";
				CLANG_ENABLE_MODULES = YES;
				CLANG_ENABLE_OBJC_ARC = YES;
				CLANG_ENABLE_OBJC_WEAK = YES;
				CLANG_WARN_BLOCK_CAPTURE_AUTORELEASING = YES;
				CLANG_WARN_BOOL_CONVERSION = YES;
				CLANG_WARN_COMMA = YES;
				CLANG_WARN_CONSTANT_CONVERSION = YES;
				CLANG_WARN_DEPRECATED_OBJC_IMPLEMENTATIONS = YES;
				CLANG_WARN_DIRECT_OBJC_ISA_USAGE = YES_ERROR;
				CLANG_WARN_DOCUMENTATION_COMMENTS = YES;
				CLANG_WARN_EMPTY_BODY = YES;
				CLANG_WARN_ENUM_CONVERSION = YES;
				CLANG_WARN_INFINITE_RECURSION = YES;
				CLANG_WARN_INT_CONVERSION = YES;
				CLANG_WARN_NON_LITERAL_NULL_CONVERSION = YES;
				CLANG_WARN_OBJC_IMPLICIT_RETAIN_SELF = YES;
				CLANG_WARN_OBJC_LITERAL_CONVERSION = YES;
				CLANG_WARN_OBJC_ROOT_CLASS = YES_ERROR;
				CLANG_WARN_QUOTED_INCLUDE_IN_FRAMEWORK_HEADER = YES;
				CLANG_WARN_RANGE_LOOP_ANALYSIS = YES;
				CLANG_WARN_STRICT_PROTOTYPES = YES;
				CLANG_WARN_SUSPICIOUS_MOVE = YES;
				CLANG_WARN_UNGUARDED_AVAILABILITY = YES_AGGRESSIVE;
				CLANG_WARN_UNREACHABLE_CODE = YES;
				CLANG_WARN__DUPLICATE_METHOD_MATCH = YES;
				COPY_PHASE_STRIP = NO;
				DEBUG_INFORMATION_FORMAT = dwarf;
				ENABLE_STRICT_OBJC_MSGSEND = YES;
				ENABLE_TESTABILITY = YES;
				ENABLE_USER_SCRIPT_SANDBOXING = YES;
				GCC_C_LANGUAGE_STANDARD = gnu17;
				GCC_DYNAMIC_NO_PIC = NO;
				GCC_NO_COMMON_BLOCKS = YES;
				GCC_OPTIMIZATION_LEVEL = 0;
				GCC_PREPROCESSOR_DEFINITIONS = (
					"DEBUG=1",
					"$(inherited)",
				);
				GCC_WARN_64_TO_32_BIT_CONVERSION = YES;
				GCC_WARN_ABOUT_RETURN_TYPE = YES_ERROR;
				GCC_WARN_UNDECLARED_SELECTOR = YES;
				GCC_WARN_UNINITIALIZED_AUTOS = YES_AGGRESSIVE;
				GCC_WARN_UNUSED_FUNCTION = YES;
				GCC_WARN_UNUSED_VARIABLE = YES;
				IPHONEOS_DEPLOYMENT_TARGET = 17.4;
				LOCALIZATION_PREFERS_STRING_CATALOGS = YES;
				MTL_ENABLE_DEBUG_INFO = INCLUDE_SOURCE;
				MTL_FAST_MATH = YES;
				ONLY_ACTIVE_ARCH = YES;
				SDKROOT = iphoneos;
				SWIFT_ACTIVE_COMPILATION_CONDITIONS = "DEBUG $(inherited)";
				SWIFT_OPTIMIZATION_LEVEL = "-Onone";
			};
			name = Debug;
		};
		C36F02B62C3C3DE30041C96A /* Release */ = {
			isa = XCBuildConfiguration;
			buildSettings = {
				ALWAYS_SEARCH_USER_PATHS = NO;
				ASSETCATALOG_COMPILER_GENERATE_SWIFT_ASSET_SYMBOL_EXTENSIONS = YES;
				CLANG_ANALYZER_NONNULL = YES;
				CLANG_ANALYZER_NUMBER_OBJECT_CONVERSION = YES_AGGRESSIVE;
				CLANG_CXX_LANGUAGE_STANDARD = "gnu++20";
				CLANG_ENABLE_MODULES = YES;
				CLANG_ENABLE_OBJC_ARC = YES;
				CLANG_ENABLE_OBJC_WEAK = YES;
				CLANG_WARN_BLOCK_CAPTURE_AUTORELEASING = YES;
				CLANG_WARN_BOOL_CONVERSION = YES;
				CLANG_WARN_COMMA = YES;
				CLANG_WARN_CONSTANT_CONVERSION = YES;
				CLANG_WARN_DEPRECATED_OBJC_IMPLEMENTATIONS = YES;
				CLANG_WARN_DIRECT_OBJC_ISA_USAGE = YES_ERROR;
				CLANG_WARN_DOCUMENTATION_COMMENTS = YES;
				CLANG_WARN_EMPTY_BODY = YES;
				CLANG_WARN_ENUM_CONVERSION = YES;
				CLANG_WARN_INFINITE_RECURSION = YES;
				CLANG_WARN_INT_CONVERSION = YES;
				CLANG_WARN_NON_LITERAL_NULL_CONVERSION = YES;
				CLANG_WARN_OBJC_IMPLICIT_RETAIN_SELF = YES;
				CLANG_WARN_OBJC_LITERAL_CONVERSION = YES;
				CLANG_WARN_OBJC_ROOT_CLASS = YES_ERROR;
				CLANG_WARN_QUOTED_INCLUDE_IN_FRAMEWORK_HEADER = YES;
				CLANG_WARN_RANGE_LOOP_ANALYSIS = YES;
				CLANG_WARN_STRICT_PROTOTYPES = YES;
				CLANG_WARN_SUSPICIOUS_MOVE = YES;
				CLANG_WARN_UNGUARDED_AVAILABILITY = YES_AGGRESSIVE;
				CLANG_WARN_UNREACHABLE_CODE = YES;
				CLANG_WARN__DUPLICATE_METHOD_MATCH = YES;
				COPY_PHASE_STRIP = NO;
				DEBUG_INFORMATION_FORMAT = "dwarf-with-dsym";
				ENABLE_NS_ASSERTIONS = NO;
				ENABLE_STRICT_OBJC_MSGSEND = YES;
				ENABLE_USER_SCRIPT_SANDBOXING = YES;
				GCC_C_LANGUAGE_STANDARD = gnu17;
				GCC_NO_COMMON_BLOCKS = YES;
				GCC_WARN_64_TO_32_BIT_CONVERSION = YES;
				GCC_WARN_ABOUT_RETURN_TYPE = YES_ERROR;
				GCC_WARN_UNDECLARED_SELECTOR = YES;
				GCC_WARN_UNINITIALIZED_AUTOS = YES_AGGRESSIVE;
				GCC_WARN_UNUSED_FUNCTION = YES;
				GCC_WARN_UNUSED_VARIABLE = YES;
				IPHONEOS_DEPLOYMENT_TARGET = 17.4;
				LOCALIZATION_PREFERS_STRING_CATALOGS = YES;
				MTL_ENABLE_DEBUG_INFO = NO;
				MTL_FAST_MATH = YES;
				SDKROOT = iphoneos;
				SWIFT_COMPILATION_MODE = wholemodule;
				VALIDATE_PRODUCT = YES;
			};
			name = Release;
		};
		C36F02B82C3C3DE30041C96A /* Debug */ = {
			isa = XCBuildConfiguration;
			buildSettings = {
				ASSETCATALOG_COMPILER_APPICON_NAME = AppIcon;
				ASSETCATALOG_COMPILER_GLOBAL_ACCENT_COLOR_NAME = AccentColor;
				CODE_SIGN_IDENTITY = "Apple Development";
				CODE_SIGN_STYLE = Automatic;
				CURRENT_PROJECT_VERSION = 1;
				DEVELOPMENT_ASSET_PATHS = "\"CoreAudioWorkout/Preview Content\"";
				DEVELOPMENT_TEAM = 829TEWXQ4Y;
				ENABLE_PREVIEWS = YES;
				GENERATE_INFOPLIST_FILE = YES;
				INFOPLIST_KEY_NSMicrophoneUsageDescription = "This app requires access to the microphone to record audio.";
				INFOPLIST_KEY_UIApplicationSceneManifest_Generation = YES;
				INFOPLIST_KEY_UIApplicationSupportsIndirectInputEvents = YES;
				INFOPLIST_KEY_UILaunchScreen_Generation = YES;
				INFOPLIST_KEY_UISupportedInterfaceOrientations_iPad = "UIInterfaceOrientationPortrait UIInterfaceOrientationPortraitUpsideDown UIInterfaceOrientationLandscapeLeft UIInterfaceOrientationLandscapeRight";
				INFOPLIST_KEY_UISupportedInterfaceOrientations_iPhone = "UIInterfaceOrientationPortrait UIInterfaceOrientationLandscapeLeft UIInterfaceOrientationLandscapeRight";
				LD_RUNPATH_SEARCH_PATHS = (
					"$(inherited)",
					"@executable_path/Frameworks",
				);
				MARKETING_VERSION = 1.0;
				PRODUCT_BUNDLE_IDENTIFIER = AlistairCooper.iOSCoreAudioWorkout;
				PRODUCT_NAME = "$(TARGET_NAME)";
				PROVISIONING_PROFILE_SPECIFIER = "";
				SWIFT_EMIT_LOC_STRINGS = YES;
				SWIFT_VERSION = 5.0;
				TARGETED_DEVICE_FAMILY = "1,2";
			};
			name = Debug;
		};
		C36F02B92C3C3DE30041C96A /* Release */ = {
			isa = XCBuildConfiguration;
			buildSettings = {
				ASSETCATALOG_COMPILER_APPICON_NAME = AppIcon;
				ASSETCATALOG_COMPILER_GLOBAL_ACCENT_COLOR_NAME = AccentColor;
				CODE_SIGN_IDENTITY = "Apple Development";
				CODE_SIGN_STYLE = Automatic;
				CURRENT_PROJECT_VERSION = 1;
				DEVELOPMENT_ASSET_PATHS = "\"CoreAudioWorkout/Preview Content\"";
				DEVELOPMENT_TEAM = 829TEWXQ4Y;
				ENABLE_PREVIEWS = YES;
				GENERATE_INFOPLIST_FILE = YES;
				INFOPLIST_KEY_NSMicrophoneUsageDescription = "This app requires access to the microphone to record audio.";
				INFOPLIST_KEY_UIApplicationSceneManifest_Generation = YES;
				INFOPLIST_KEY_UIApplicationSupportsIndirectInputEvents = YES;
				INFOPLIST_KEY_UILaunchScreen_Generation = YES;
				INFOPLIST_KEY_UISupportedInterfaceOrientations_iPad = "UIInterfaceOrientationPortrait UIInterfaceOrientationPortraitUpsideDown UIInterfaceOrientationLandscapeLeft UIInterfaceOrientationLandscapeRight";
				INFOPLIST_KEY_UISupportedInterfaceOrientations_iPhone = "UIInterfaceOrientationPortrait UIInterfaceOrientationLandscapeLeft UIInterfaceOrientationLandscapeRight";
				LD_RUNPATH_SEARCH_PATHS = (
					"$(inherited)",
					"@executable_path/Frameworks",
				);
				MARKETING_VERSION = 1.0;
				PRODUCT_BUNDLE_IDENTIFIER = AlistairCooper.iOSCoreAudioWorkout;
				PRODUCT_NAME = "$(TARGET_NAME)";
				PROVISIONING_PROFILE_SPECIFIER = "";
				SWIFT_EMIT_LOC_STRINGS = YES;
				SWIFT_VERSION = 5.0;
				TARGETED_DEVICE_FAMILY = "1,2";
			};
			name = Release;
		};
/* End XCBuildConfiguration section */

/* Begin XCConfigurationList section */
		C36F02A42C3C3DE00041C96A /* Build configuration list for PBXProject "CoreAudioWorkout" */ = {
			isa = XCConfigurationList;
			buildConfigurations = (
				C36F02B52C3C3DE30041C96A /* Debug */,
				C36F02B62C3C3DE30041C96A /* Release */,
			);
			defaultConfigurationIsVisible = 0;
			defaultConfigurationName = Release;
		};
		C36F02B72C3C3DE30041C96A /* Build configuration list for PBXNativeTarget "CoreAudioWorkout" */ = {
			isa = XCConfigurationList;
			buildConfigurations = (
				C36F02B82C3C3DE30041C96A /* Debug */,
				C36F02B92C3C3DE30041C96A /* Release */,
			);
			defaultConfigurationIsVisible = 0;
			defaultConfigurationName = Release;
		};
/* End XCConfigurationList section */
	};
	rootObject = C36F02A12C3C3DE00041C96A /* Project object */;
}
